
Microsoft Visual Studio Solution File, Format Version 12.00
# Visual Studio Version 17
VisualStudioVersion = 17.0.32112.339
MinimumVisualStudioVersion = 10.0.40219.1
Project("{FAE04EC0-301F-11D3-BF4B-00C04F79EFBC}") = "Email Extraction", "Email Extraction\Email Extraction.csproj", "{B6F39A43-3BF7-4FEE-9C58-A8C6D15D5BF6}"
EndProject
Global
	GlobalSection(SolutionConfigurationPlatforms) = preSolution
		Debug|Any CPU = Debug|Any CPU
		Release|Any CPU = Release|Any CPU
	EndGlobalSection
	GlobalSection(ProjectConfigurationPlatforms) = postSolution
		{B6F39A43-3BF7-4FEE-9C58-A8C6D15D5BF6}.Debug|Any CPU.ActiveCfg = Debug|Any CPU
		{B6F39A43-3BF7-4FEE-9C58-A8C6D15D5BF6}.Debug|Any CPU.Build.0 = Debug|Any CPU
		{B6F39A43-3BF7-4FEE-9C58-A8C6D15D5BF6}.Release|Any CPU.ActiveCfg = Release|Any CPU
		{B6F39A43-3BF7-4FEE-9C58-A8C6D15D5BF6}.Release|Any CPU.Build.0 = Release|Any CPU
	EndGlobalSection
	GlobalSection(SolutionProperties) = preSolution
		HideSolutionNode = FALSE
	EndGlobalSection
	GlobalSection(ExtensibilityGlobals) = postSolution
		SolutionGuid = {E9FDD309-C0CC-4873-963B-A0EFF6467C25}
	EndGlobalSection
EndGlobal
